// !$*UTF8*$!
{
	archiveVersion = 1;
	classes = {
	};
	objectVersion = 50;
	objects = {

/* Begin PBXBuildFile section */
		996ABB01312C39B0E0B4BEA5 /* Pods_slap.framework in Frameworks */ = {isa = PBXBuildFile; fileRef = 83B8345B44DEB8645CD4C337 /* Pods_slap.framework */; };
		AE30F7C420D406AB005806A7 /* AuthService.swift in Sources */ = {isa = PBXBuildFile; fileRef = AE30F7C320D406AB005806A7 /* AuthService.swift */; };
		AE30F7C620D4FE01005806A7 /* RoundedButton.swift in Sources */ = {isa = PBXBuildFile; fileRef = AE30F7C520D4FE01005806A7 /* RoundedButton.swift */; };
		AE30F7C820D635B9005806A7 /* UserDataService.swift in Sources */ = {isa = PBXBuildFile; fileRef = AE30F7C720D635B9005806A7 /* UserDataService.swift */; };
		AE30F7CA20D6B183005806A7 /* AvatarPickerVC.swift in Sources */ = {isa = PBXBuildFile; fileRef = AE30F7C920D6B183005806A7 /* AvatarPickerVC.swift */; };
		AE30F7CC20D6B4F1005806A7 /* AvatarCell.swift in Sources */ = {isa = PBXBuildFile; fileRef = AE30F7CB20D6B4F1005806A7 /* AvatarCell.swift */; };
		AE30F7CE20D96065005806A7 /* CircleImage.swift in Sources */ = {isa = PBXBuildFile; fileRef = AE30F7CD20D96065005806A7 /* CircleImage.swift */; };
		AE48CDD720B5940800C8CF2B /* AppDelegate.swift in Sources */ = {isa = PBXBuildFile; fileRef = AE48CDD620B5940800C8CF2B /* AppDelegate.swift */; };
		AE48CDDC20B5940800C8CF2B /* Main.storyboard in Resources */ = {isa = PBXBuildFile; fileRef = AE48CDDA20B5940800C8CF2B /* Main.storyboard */; };
		AE48CDDE20B5940A00C8CF2B /* Assets.xcassets in Resources */ = {isa = PBXBuildFile; fileRef = AE48CDDD20B5940A00C8CF2B /* Assets.xcassets */; };
		AE48CDE120B5940A00C8CF2B /* LaunchScreen.storyboard in Resources */ = {isa = PBXBuildFile; fileRef = AE48CDDF20B5940A00C8CF2B /* LaunchScreen.storyboard */; };
		AE81462C20B59C29003B4661 /* SWRevealViewController.m in Sources */ = {isa = PBXBuildFile; fileRef = AE81462B20B59C29003B4661 /* SWRevealViewController.m */; };
		AE81463120B5A3E0003B4661 /* ChatVC.swift in Sources */ = {isa = PBXBuildFile; fileRef = AE81463020B5A3E0003B4661 /* ChatVC.swift */; };
		AE81463320B5A3F9003B4661 /* ChannelVC.swift in Sources */ = {isa = PBXBuildFile; fileRef = AE81463220B5A3F9003B4661 /* ChannelVC.swift */; };
		AE81463520B5B849003B4661 /* GradientView.swift in Sources */ = {isa = PBXBuildFile; fileRef = AE81463420B5B849003B4661 /* GradientView.swift */; };
		AEC6E7BB20B5F95600DAD271 /* Constants.swift in Sources */ = {isa = PBXBuildFile; fileRef = AEC6E7BA20B5F95600DAD271 /* Constants.swift */; };
		AEC6E7BD20B6002600DAD271 /* LoginVC.swift in Sources */ = {isa = PBXBuildFile; fileRef = AEC6E7BC20B6002600DAD271 /* LoginVC.swift */; };
		AEC6E7BF20B6FE8200DAD271 /* CreateAccountVC.swift in Sources */ = {isa = PBXBuildFile; fileRef = AEC6E7BE20B6FE8200DAD271 /* CreateAccountVC.swift */; };
/* End PBXBuildFile section */

/* Begin PBXFileReference section */
		83B8345B44DEB8645CD4C337 /* Pods_slap.framework */ = {isa = PBXFileReference; explicitFileType = wrapper.framework; includeInIndex = 0; path = Pods_slap.framework; sourceTree = BUILT_PRODUCTS_DIR; };
		98C92FE2F52825E7456710FA /* Pods-slap.debug.xcconfig */ = {isa = PBXFileReference; includeInIndex = 1; lastKnownFileType = text.xcconfig; name = "Pods-slap.debug.xcconfig"; path = "Pods/Target Support Files/Pods-slap/Pods-slap.debug.xcconfig"; sourceTree = "<group>"; };
		AE30F7C320D406AB005806A7 /* AuthService.swift */ = {isa = PBXFileReference; lastKnownFileType = sourcecode.swift; path = AuthService.swift; sourceTree = "<group>"; };
		AE30F7C520D4FE01005806A7 /* RoundedButton.swift */ = {isa = PBXFileReference; lastKnownFileType = sourcecode.swift; path = RoundedButton.swift; sourceTree = "<group>"; };
		AE30F7C720D635B9005806A7 /* UserDataService.swift */ = {isa = PBXFileReference; lastKnownFileType = sourcecode.swift; path = UserDataService.swift; sourceTree = "<group>"; };
		AE30F7C920D6B183005806A7 /* AvatarPickerVC.swift */ = {isa = PBXFileReference; lastKnownFileType = sourcecode.swift; path = AvatarPickerVC.swift; sourceTree = "<group>"; };
		AE30F7CB20D6B4F1005806A7 /* AvatarCell.swift */ = {isa = PBXFileReference; lastKnownFileType = sourcecode.swift; path = AvatarCell.swift; sourceTree = "<group>"; };
		AE30F7CD20D96065005806A7 /* CircleImage.swift */ = {isa = PBXFileReference; lastKnownFileType = sourcecode.swift; path = CircleImage.swift; sourceTree = "<group>"; };
		AE48CDD320B5940800C8CF2B /* slap.app */ = {isa = PBXFileReference; explicitFileType = wrapper.application; includeInIndex = 0; path = slap.app; sourceTree = BUILT_PRODUCTS_DIR; };
		AE48CDD620B5940800C8CF2B /* AppDelegate.swift */ = {isa = PBXFileReference; lastKnownFileType = sourcecode.swift; path = AppDelegate.swift; sourceTree = "<group>"; };
		AE48CDDB20B5940800C8CF2B /* Base */ = {isa = PBXFileReference; lastKnownFileType = file.storyboard; name = Base; path = Base.lproj/Main.storyboard; sourceTree = "<group>"; };
		AE48CDDD20B5940A00C8CF2B /* Assets.xcassets */ = {isa = PBXFileReference; lastKnownFileType = folder.assetcatalog; path = Assets.xcassets; sourceTree = "<group>"; };
		AE48CDE020B5940A00C8CF2B /* Base */ = {isa = PBXFileReference; lastKnownFileType = file.storyboard; name = Base; path = Base.lproj/LaunchScreen.storyboard; sourceTree = "<group>"; };
		AE48CDE220B5940A00C8CF2B /* Info.plist */ = {isa = PBXFileReference; lastKnownFileType = text.plist.xml; path = Info.plist; sourceTree = "<group>"; };
		AE81462920B59C28003B4661 /* slap-Bridging-Header.h */ = {isa = PBXFileReference; lastKnownFileType = sourcecode.c.h; path = "slap-Bridging-Header.h"; sourceTree = "<group>"; };
		AE81462A20B59C29003B4661 /* SWRevealViewController.h */ = {isa = PBXFileReference; fileEncoding = 4; lastKnownFileType = sourcecode.c.h; path = SWRevealViewController.h; sourceTree = "<group>"; };
		AE81462B20B59C29003B4661 /* SWRevealViewController.m */ = {isa = PBXFileReference; fileEncoding = 4; lastKnownFileType = sourcecode.c.objc; path = SWRevealViewController.m; sourceTree = "<group>"; };
		AE81463020B5A3E0003B4661 /* ChatVC.swift */ = {isa = PBXFileReference; lastKnownFileType = sourcecode.swift; path = ChatVC.swift; sourceTree = "<group>"; };
		AE81463220B5A3F9003B4661 /* ChannelVC.swift */ = {isa = PBXFileReference; lastKnownFileType = sourcecode.swift; path = ChannelVC.swift; sourceTree = "<group>"; };
		AE81463420B5B849003B4661 /* GradientView.swift */ = {isa = PBXFileReference; lastKnownFileType = sourcecode.swift; path = GradientView.swift; sourceTree = "<group>"; };
		AEC6E7BA20B5F95600DAD271 /* Constants.swift */ = {isa = PBXFileReference; lastKnownFileType = sourcecode.swift; path = Constants.swift; sourceTree = "<group>"; };
		AEC6E7BC20B6002600DAD271 /* LoginVC.swift */ = {isa = PBXFileReference; lastKnownFileType = sourcecode.swift; path = LoginVC.swift; sourceTree = "<group>"; };
		AEC6E7BE20B6FE8200DAD271 /* CreateAccountVC.swift */ = {isa = PBXFileReference; lastKnownFileType = sourcecode.swift; path = CreateAccountVC.swift; sourceTree = "<group>"; };
		F336A2295EA3137384A5D506 /* Pods-slap.release.xcconfig */ = {isa = PBXFileReference; includeInIndex = 1; lastKnownFileType = text.xcconfig; name = "Pods-slap.release.xcconfig"; path = "Pods/Target Support Files/Pods-slap/Pods-slap.release.xcconfig"; sourceTree = "<group>"; };
/* End PBXFileReference section */

/* Begin PBXFrameworksBuildPhase section */
		AE48CDD020B5940800C8CF2B /* Frameworks */ = {
			isa = PBXFrameworksBuildPhase;
			buildActionMask = 2147483647;
			files = (
				996ABB01312C39B0E0B4BEA5 /* Pods_slap.framework in Frameworks */,
			);
			runOnlyForDeploymentPostprocessing = 0;
		};
/* End PBXFrameworksBuildPhase section */

/* Begin PBXGroup section */
		2F733F20204B938AE0A3F389 /* Frameworks */ = {
			isa = PBXGroup;
			children = (
				83B8345B44DEB8645CD4C337 /* Pods_slap.framework */,
			);
			name = Frameworks;
			sourceTree = "<group>";
		};
		AE30F7C220D40679005806A7 /* Services */ = {
			isa = PBXGroup;
			children = (
				AE30F7C320D406AB005806A7 /* AuthService.swift */,
				AE30F7C720D635B9005806A7 /* UserDataService.swift */,
			);
			path = Services;
			sourceTree = "<group>";
		};
		AE48CDCA20B5940800C8CF2B = {
			isa = PBXGroup;
			children = (
				AE48CDD520B5940800C8CF2B /* slap */,
				AE48CDD420B5940800C8CF2B /* Products */,
				FCB01DDA368D53A3CB6D9CDD /* Pods */,
				2F733F20204B938AE0A3F389 /* Frameworks */,
			);
			sourceTree = "<group>";
		};
		AE48CDD420B5940800C8CF2B /* Products */ = {
			isa = PBXGroup;
			children = (
				AE48CDD320B5940800C8CF2B /* slap.app */,
			);
			name = Products;
			sourceTree = "<group>";
		};
		AE48CDD520B5940800C8CF2B /* slap */ = {
			isa = PBXGroup;
			children = (
				AE30F7C220D40679005806A7 /* Services */,
				AEC6E7B920B5F92D00DAD271 /* Utilities */,
				AE81462F20B5A397003B4661 /* Model */,
				AE81462E20B5A38D003B4661 /* View */,
				AE81462D20B5A375003B4661 /* Controller */,
				AE81462820B59BAA003B4661 /* Supporting File */,
				AE48CDD620B5940800C8CF2B /* AppDelegate.swift */,
				AE48CDDA20B5940800C8CF2B /* Main.storyboard */,
				AE48CDDD20B5940A00C8CF2B /* Assets.xcassets */,
				AE48CDDF20B5940A00C8CF2B /* LaunchScreen.storyboard */,
				AE48CDE220B5940A00C8CF2B /* Info.plist */,
			);
			path = slap;
			sourceTree = "<group>";
		};
		AE81462820B59BAA003B4661 /* Supporting File */ = {
			isa = PBXGroup;
			children = (
				AE81462A20B59C29003B4661 /* SWRevealViewController.h */,
				AE81462B20B59C29003B4661 /* SWRevealViewController.m */,
				AE81462920B59C28003B4661 /* slap-Bridging-Header.h */,
			);
			path = "Supporting File";
			sourceTree = "<group>";
		};
		AE81462D20B5A375003B4661 /* Controller */ = {
			isa = PBXGroup;
			children = (
				AE81463020B5A3E0003B4661 /* ChatVC.swift */,
				AE81463220B5A3F9003B4661 /* ChannelVC.swift */,
				AEC6E7BC20B6002600DAD271 /* LoginVC.swift */,
				AEC6E7BE20B6FE8200DAD271 /* CreateAccountVC.swift */,
				AE30F7C920D6B183005806A7 /* AvatarPickerVC.swift */,
			);
			path = Controller;
			sourceTree = "<group>";
		};
		AE81462E20B5A38D003B4661 /* View */ = {
			isa = PBXGroup;
			children = (
				AE81463420B5B849003B4661 /* GradientView.swift */,
				AE30F7C520D4FE01005806A7 /* RoundedButton.swift */,
				AE30F7CB20D6B4F1005806A7 /* AvatarCell.swift */,
				AE30F7CD20D96065005806A7 /* CircleImage.swift */,
			);
			path = View;
			sourceTree = "<group>";
		};
		AE81462F20B5A397003B4661 /* Model */ = {
			isa = PBXGroup;
			children = (
			);
			path = Model;
			sourceTree = "<group>";
		};
		AEC6E7B920B5F92D00DAD271 /* Utilities */ = {
			isa = PBXGroup;
			children = (
				AEC6E7BA20B5F95600DAD271 /* Constants.swift */,
			);
			path = Utilities;
			sourceTree = "<group>";
		};
		FCB01DDA368D53A3CB6D9CDD /* Pods */ = {
			isa = PBXGroup;
			children = (
				98C92FE2F52825E7456710FA /* Pods-slap.debug.xcconfig */,
				F336A2295EA3137384A5D506 /* Pods-slap.release.xcconfig */,
			);
			name = Pods;
			sourceTree = "<group>";
		};
/* End PBXGroup section */

/* Begin PBXNativeTarget section */
		AE48CDD220B5940800C8CF2B /* slap */ = {
			isa = PBXNativeTarget;
			buildConfigurationList = AE48CDE520B5940A00C8CF2B /* Build configuration list for PBXNativeTarget "slap" */;
			buildPhases = (
				B84662C2A3D4EEA87FF090DF /* [CP] Check Pods Manifest.lock */,
				AE48CDCF20B5940800C8CF2B /* Sources */,
				AE48CDD020B5940800C8CF2B /* Frameworks */,
				AE48CDD120B5940800C8CF2B /* Resources */,
				E75A047C3B0ED38B5BAAF16F /* [CP] Embed Pods Frameworks */,
			);
			buildRules = (
			);
			dependencies = (
			);
			name = slap;
			productName = slap;
			productReference = AE48CDD320B5940800C8CF2B /* slap.app */;
			productType = "com.apple.product-type.application";
		};
/* End PBXNativeTarget section */

/* Begin PBXProject section */
		AE48CDCB20B5940800C8CF2B /* Project object */ = {
			isa = PBXProject;
			attributes = {
				LastSwiftUpdateCheck = 0930;
				LastUpgradeCheck = 0930;
				ORGANIZATIONNAME = "Araz Sinjary";
				TargetAttributes = {
					AE48CDD220B5940800C8CF2B = {
						CreatedOnToolsVersion = 9.3.1;
						LastSwiftMigration = 0930;
					};
				};
			};
			buildConfigurationList = AE48CDCE20B5940800C8CF2B /* Build configuration list for PBXProject "slap" */;
			compatibilityVersion = "Xcode 9.3";
			developmentRegion = en;
			hasScannedForEncodings = 0;
			knownRegions = (
				en,
				Base,
			);
			mainGroup = AE48CDCA20B5940800C8CF2B;
			productRefGroup = AE48CDD420B5940800C8CF2B /* Products */;
			projectDirPath = "";
			projectRoot = "";
			targets = (
				AE48CDD220B5940800C8CF2B /* slap */,
			);
		};
/* End PBXProject section */

/* Begin PBXResourcesBuildPhase section */
		AE48CDD120B5940800C8CF2B /* Resources */ = {
			isa = PBXResourcesBuildPhase;
			buildActionMask = 2147483647;
			files = (
				AE48CDE120B5940A00C8CF2B /* LaunchScreen.storyboard in Resources */,
				AE48CDDE20B5940A00C8CF2B /* Assets.xcassets in Resources */,
				AE48CDDC20B5940800C8CF2B /* Main.storyboard in Resources */,
			);
			runOnlyForDeploymentPostprocessing = 0;
		};
/* End PBXResourcesBuildPhase section */

/* Begin PBXShellScriptBuildPhase section */
		B84662C2A3D4EEA87FF090DF /* [CP] Check Pods Manifest.lock */ = {
			isa = PBXShellScriptBuildPhase;
			buildActionMask = 2147483647;
			files = (
			);
			inputPaths = (
				"${PODS_PODFILE_DIR_PATH}/Podfile.lock",
				"${PODS_ROOT}/Manifest.lock",
			);
			name = "[CP] Check Pods Manifest.lock";
			outputPaths = (
				"$(DERIVED_FILE_DIR)/Pods-slap-checkManifestLockResult.txt",
			);
			runOnlyForDeploymentPostprocessing = 0;
			shellPath = /bin/sh;
			shellScript = "diff \"${PODS_PODFILE_DIR_PATH}/Podfile.lock\" \"${PODS_ROOT}/Manifest.lock\" > /dev/null\nif [ $? != 0 ] ; then\n    # print error to STDERR\n    echo \"error: The sandbox is not in sync with the Podfile.lock. Run 'pod install' or update your CocoaPods installation.\" >&2\n    exit 1\nfi\n# This output is used by Xcode 'outputs' to avoid re-running this script phase.\necho \"SUCCESS\" > \"${SCRIPT_OUTPUT_FILE_0}\"\n";
			showEnvVarsInLog = 0;
		};
		E75A047C3B0ED38B5BAAF16F /* [CP] Embed Pods Frameworks */ = {
			isa = PBXShellScriptBuildPhase;
			buildActionMask = 2147483647;
			files = (
			);
			inputPaths = (
				"${SRCROOT}/Pods/Target Support Files/Pods-slap/Pods-slap-frameworks.sh",
				"${BUILT_PRODUCTS_DIR}/Alamofire/Alamofire.framework",
				"${BUILT_PRODUCTS_DIR}/Socket.IO-Client-Swift/SocketIO.framework",
				"${BUILT_PRODUCTS_DIR}/StarscreamSocketIO/StarscreamSocketIO.framework",
				"${BUILT_PRODUCTS_DIR}/SwiftyJSON/SwiftyJSON.framework",
			);
			name = "[CP] Embed Pods Frameworks";
			outputPaths = (
				"${TARGET_BUILD_DIR}/${FRAMEWORKS_FOLDER_PATH}/Alamofire.framework",
				"${TARGET_BUILD_DIR}/${FRAMEWORKS_FOLDER_PATH}/SocketIO.framework",
				"${TARGET_BUILD_DIR}/${FRAMEWORKS_FOLDER_PATH}/StarscreamSocketIO.framework",
				"${TARGET_BUILD_DIR}/${FRAMEWORKS_FOLDER_PATH}/SwiftyJSON.framework",
			);
			runOnlyForDeploymentPostprocessing = 0;
			shellPath = /bin/sh;
			shellScript = "\"${SRCROOT}/Pods/Target Support Files/Pods-slap/Pods-slap-frameworks.sh\"\n";
			showEnvVarsInLog = 0;
		};
/* End PBXShellScriptBuildPhase section */

/* Begin PBXSourcesBuildPhase section */
		AE48CDCF20B5940800C8CF2B /* Sources */ = {
			isa = PBXSourcesBuildPhase;
			buildActionMask = 2147483647;
			files = (
				AE81463320B5A3F9003B4661 /* ChannelVC.swift in Sources */,
				AE30F7CA20D6B183005806A7 /* AvatarPickerVC.swift in Sources */,
				AE30F7C620D4FE01005806A7 /* RoundedButton.swift in Sources */,
				AE30F7CE20D96065005806A7 /* CircleImage.swift in Sources */,
				AE81463120B5A3E0003B4661 /* ChatVC.swift in Sources */,
				AE30F7C820D635B9005806A7 /* UserDataService.swift in Sources */,
				AEC6E7BF20B6FE8200DAD271 /* CreateAccountVC.swift in Sources */,
				AE30F7C420D406AB005806A7 /* AuthService.swift in Sources */,
				AEC6E7BD20B6002600DAD271 /* LoginVC.swift in Sources */,
				AE81463520B5B849003B4661 /* GradientView.swift in Sources */,
				AE30F7CC20D6B4F1005806A7 /* AvatarCell.swift in Sources */,
				AE48CDD720B5940800C8CF2B /* AppDelegate.swift in Sources */,
				AE81462C20B59C29003B4661 /* SWRevealViewController.m in Sources */,
				AEC6E7BB20B5F95600DAD271 /* Constants.swift in Sources */,
			);
			runOnlyForDeploymentPostprocessing = 0;
		};
/* End PBXSourcesBuildPhase section */

/* Begin PBXVariantGroup section */
		AE48CDDA20B5940800C8CF2B /* Main.storyboard */ = {
			isa = PBXVariantGroup;
			children = (
				AE48CDDB20B5940800C8CF2B /* Base */,
			);
			name = Main.storyboard;
			sourceTree = "<group>";
		};
		AE48CDDF20B5940A00C8CF2B /* LaunchScreen.storyboard */ = {
			isa = PBXVariantGroup;
			children = (
				AE48CDE020B5940A00C8CF2B /* Base */,
			);
			name = LaunchScreen.storyboard;
			sourceTree = "<group>";
		};
/* End PBXVariantGroup section */

/* Begin XCBuildConfiguration section */
		AE48CDE320B5940A00C8CF2B /* Debug */ = {
			isa = XCBuildConfiguration;
			buildSettings = {
				ALWAYS_SEARCH_USER_PATHS = NO;
				CLANG_ANALYZER_NONNULL = YES;
				CLANG_ANALYZER_NUMBER_OBJECT_CONVERSION = YES_AGGRESSIVE;
				CLANG_CXX_LANGUAGE_STANDARD = "gnu++14";
				CLANG_CXX_LIBRARY = "libc++";
				CLANG_ENABLE_MODULES = YES;
				CLANG_ENABLE_OBJC_ARC = YES;
				CLANG_ENABLE_OBJC_WEAK = YES;
				CLANG_WARN_BLOCK_CAPTURE_AUTORELEASING = YES;
				CLANG_WARN_BOOL_CONVERSION = YES;
				CLANG_WARN_COMMA = YES;
				CLANG_WARN_CONSTANT_CONVERSION = YES;
				CLANG_WARN_DEPRECATED_OBJC_IMPLEMENTATIONS = YES;
				CLANG_WARN_DIRECT_OBJC_ISA_USAGE = YES_ERROR;
				CLANG_WARN_DOCUMENTATION_COMMENTS = YES;
				CLANG_WARN_EMPTY_BODY = YES;
				CLANG_WARN_ENUM_CONVERSION = YES;
				CLANG_WARN_INFINITE_RECURSION = YES;
				CLANG_WARN_INT_CONVERSION = YES;
				CLANG_WARN_NON_LITERAL_NULL_CONVERSION = YES;
				CLANG_WARN_OBJC_IMPLICIT_RETAIN_SELF = YES;
				CLANG_WARN_OBJC_LITERAL_CONVERSION = YES;
				CLANG_WARN_OBJC_ROOT_CLASS = YES_ERROR;
				CLANG_WARN_RANGE_LOOP_ANALYSIS = YES;
				CLANG_WARN_STRICT_PROTOTYPES = YES;
				CLANG_WARN_SUSPICIOUS_MOVE = YES;
				CLANG_WARN_UNGUARDED_AVAILABILITY = YES_AGGRESSIVE;
				CLANG_WARN_UNREACHABLE_CODE = YES;
				CLANG_WARN__DUPLICATE_METHOD_MATCH = YES;
				CODE_SIGN_IDENTITY = "iPhone Developer";
				COPY_PHASE_STRIP = NO;
				DEBUG_INFORMATION_FORMAT = dwarf;
				ENABLE_STRICT_OBJC_MSGSEND = YES;
				ENABLE_TESTABILITY = YES;
				GCC_C_LANGUAGE_STANDARD = gnu11;
				GCC_DYNAMIC_NO_PIC = NO;
				GCC_NO_COMMON_BLOCKS = YES;
				GCC_OPTIMIZATION_LEVEL = 0;
				GCC_PREPROCESSOR_DEFINITIONS = (
					"DEBUG=1",
					"$(inherited)",
				);
				GCC_WARN_64_TO_32_BIT_CONVERSION = YES;
				GCC_WARN_ABOUT_RETURN_TYPE = YES_ERROR;
				GCC_WARN_UNDECLARED_SELECTOR = YES;
				GCC_WARN_UNINITIALIZED_AUTOS = YES_AGGRESSIVE;
				GCC_WARN_UNUSED_FUNCTION = YES;
				GCC_WARN_UNUSED_VARIABLE = YES;
				IPHONEOS_DEPLOYMENT_TARGET = 11.3;
				MTL_ENABLE_DEBUG_INFO = YES;
				ONLY_ACTIVE_ARCH = YES;
				SDKROOT = iphoneos;
				SWIFT_ACTIVE_COMPILATION_CONDITIONS = DEBUG;
				SWIFT_OPTIMIZATION_LEVEL = "-Onone";
			};
			name = Debug;
		};
		AE48CDE420B5940A00C8CF2B /* Release */ = {
			isa = XCBuildConfiguration;
			buildSettings = {
				ALWAYS_SEARCH_USER_PATHS = NO;
				CLANG_ANALYZER_NONNULL = YES;
				CLANG_ANALYZER_NUMBER_OBJECT_CONVERSION = YES_AGGRESSIVE;
				CLANG_CXX_LANGUAGE_STANDARD = "gnu++14";
				CLANG_CXX_LIBRARY = "libc++";
				CLANG_ENABLE_MODULES = YES;
				CLANG_ENABLE_OBJC_ARC = YES;
				CLANG_ENABLE_OBJC_WEAK = YES;
				CLANG_WARN_BLOCK_CAPTURE_AUTORELEASING = YES;
				CLANG_WARN_BOOL_CONVERSION = YES;
				CLANG_WARN_COMMA = YES;
				CLANG_WARN_CONSTANT_CONVERSION = YES;
				CLANG_WARN_DEPRECATED_OBJC_IMPLEMENTATIONS = YES;
				CLANG_WARN_DIRECT_OBJC_ISA_USAGE = YES_ERROR;
				CLANG_WARN_DOCUMENTATION_COMMENTS = YES;
				CLANG_WARN_EMPTY_BODY = YES;
				CLANG_WARN_ENUM_CONVERSION = YES;
				CLANG_WARN_INFINITE_RECURSION = YES;
				CLANG_WARN_INT_CONVERSION = YES;
				CLANG_WARN_NON_LITERAL_NULL_CONVERSION = YES;
				CLANG_WARN_OBJC_IMPLICIT_RETAIN_SELF = YES;
				CLANG_WARN_OBJC_LITERAL_CONVERSION = YES;
				CLANG_WARN_OBJC_ROOT_CLASS = YES_ERROR;
				CLANG_WARN_RANGE_LOOP_ANALYSIS = YES;
				CLANG_WARN_STRICT_PROTOTYPES = YES;
				CLANG_WARN_SUSPICIOUS_MOVE = YES;
				CLANG_WARN_UNGUARDED_AVAILABILITY = YES_AGGRESSIVE;
				CLANG_WARN_UNREACHABLE_CODE = YES;
				CLANG_WARN__DUPLICATE_METHOD_MATCH = YES;
				CODE_SIGN_IDENTITY = "iPhone Developer";
				COPY_PHASE_STRIP = NO;
				DEBUG_INFORMATION_FORMAT = "dwarf-with-dsym";
				ENABLE_NS_ASSERTIONS = NO;
				ENABLE_STRICT_OBJC_MSGSEND = YES;
				GCC_C_LANGUAGE_STANDARD = gnu11;
				GCC_NO_COMMON_BLOCKS = YES;
				GCC_WARN_64_TO_32_BIT_CONVERSION = YES;
				GCC_WARN_ABOUT_RETURN_TYPE = YES_ERROR;
				GCC_WARN_UNDECLARED_SELECTOR = YES;
				GCC_WARN_UNINITIALIZED_AUTOS = YES_AGGRESSIVE;
				GCC_WARN_UNUSED_FUNCTION = YES;
				GCC_WARN_UNUSED_VARIABLE = YES;
				IPHONEOS_DEPLOYMENT_TARGET = 11.3;
				MTL_ENABLE_DEBUG_INFO = NO;
				SDKROOT = iphoneos;
				SWIFT_COMPILATION_MODE = wholemodule;
				SWIFT_OPTIMIZATION_LEVEL = "-O";
				VALIDATE_PRODUCT = YES;
			};
			name = Release;
		};
		AE48CDE620B5940A00C8CF2B /* Debug */ = {
			isa = XCBuildConfiguration;
			baseConfigurationReference = 98C92FE2F52825E7456710FA /* Pods-slap.debug.xcconfig */;
			buildSettings = {
				ASSETCATALOG_COMPILER_APPICON_NAME = AppIcon;
				CLANG_ENABLE_MODULES = YES;
				CODE_SIGN_STYLE = Automatic;
				DEVELOPMENT_TEAM = X3HSH3HTMU;
				INFOPLIST_FILE = slap/Info.plist;
				LD_RUNPATH_SEARCH_PATHS = (
					"$(inherited)",
					"@executable_path/Frameworks",
				);
				PRODUCT_BUNDLE_IDENTIFIER = com.arazsinjary.slap;
				PRODUCT_NAME = "$(TARGET_NAME)";
				SWIFT_OBJC_BRIDGING_HEADER = "slap/Supporting File/slap-Bridging-Header.h";
				SWIFT_OPTIMIZATION_LEVEL = "-Onone";
				SWIFT_VERSION = 4.0;
				TARGETED_DEVICE_FAMILY = "1,2";
			};
			name = Debug;
		};
		AE48CDE720B5940A00C8CF2B /* Release */ = {
			isa = XCBuildConfiguration;
			baseConfigurationReference = F336A2295EA3137384A5D506 /* Pods-slap.release.xcconfig */;
			buildSettings = {
				ASSETCATALOG_COMPILER_APPICON_NAME = AppIcon;
				CLANG_ENABLE_MODULES = YES;
				CODE_SIGN_STYLE = Automatic;
				DEVELOPMENT_TEAM = X3HSH3HTMU;
				INFOPLIST_FILE = slap/Info.plist;
				LD_RUNPATH_SEARCH_PATHS = (
					"$(inherited)",
					"@executable_path/Frameworks",
				);
				PRODUCT_BUNDLE_IDENTIFIER = com.arazsinjary.slap;
				PRODUCT_NAME = "$(TARGET_NAME)";
				SWIFT_OBJC_BRIDGING_HEADER = "slap/Supporting File/slap-Bridging-Header.h";
				SWIFT_VERSION = 4.0;
				TARGETED_DEVICE_FAMILY = "1,2";
			};
			name = Release;
		};
/* End XCBuildConfiguration section */

/* Begin XCConfigurationList section */
		AE48CDCE20B5940800C8CF2B /* Build configuration list for PBXProject "slap" */ = {
			isa = XCConfigurationList;
			buildConfigurations = (
				AE48CDE320B5940A00C8CF2B /* Debug */,
				AE48CDE420B5940A00C8CF2B /* Release */,
			);
			defaultConfigurationIsVisible = 0;
			defaultConfigurationName = Release;
		};
		AE48CDE520B5940A00C8CF2B /* Build configuration list for PBXNativeTarget "slap" */ = {
			isa = XCConfigurationList;
			buildConfigurations = (
				AE48CDE620B5940A00C8CF2B /* Debug */,
				AE48CDE720B5940A00C8CF2B /* Release */,
			);
			defaultConfigurationIsVisible = 0;
			defaultConfigurationName = Release;
		};
/* End XCConfigurationList section */
	};
	rootObject = AE48CDCB20B5940800C8CF2B /* Project object */;
}
